
Microsoft Visual Studio Solution File, Format Version 12.00
# Visual Studio 14
VisualStudioVersion = 14.0.24720.0
MinimumVisualStudioVersion = 10.0.40219.1
Project("{FAE04EC0-301F-11D3-BF4B-00C04F79EFBC}") = "Websocket.server", "Websocket.server\Websocket.server.csproj", "{D082B6F6-F3E7-41B0-98B8-CDAF045C938E}"
EndProject
Project("{FAE04EC0-301F-11D3-BF4B-00C04F79EFBC}") = "socket.lib", "socket.lib\socket.lib.csproj", "{A1DCDD42-9B64-4D93-910D-5A34893F17B0}"
EndProject
Global
	GlobalSection(SolutionConfigurationPlatforms) = preSolution
		Debug|Any CPU = Debug|Any CPU
		Release|Any CPU = Release|Any CPU
	EndGlobalSection
	GlobalSection(ProjectConfigurationPlatforms) = postSolution
		{D082B6F6-F3E7-41B0-98B8-CDAF045C938E}.Debug|Any CPU.ActiveCfg = Debug|Any CPU
		{D082B6F6-F3E7-41B0-98B8-CDAF045C938E}.Debug|Any CPU.Build.0 = Debug|Any CPU
		{D082B6F6-F3E7-41B0-98B8-CDAF045C938E}.Release|Any CPU.ActiveCfg = Release|Any CPU
		{D082B6F6-F3E7-41B0-98B8-CDAF045C938E}.Release|Any CPU.Build.0 = Release|Any CPU
		{A1DCDD42-9B64-4D93-910D-5A34893F17B0}.Debug|Any CPU.ActiveCfg = Debug|Any CPU
		{A1DCDD42-9B64-4D93-910D-5A34893F17B0}.Debug|Any CPU.Build.0 = Debug|Any CPU
		{A1DCDD42-9B64-4D93-910D-5A34893F17B0}.Release|Any CPU.ActiveCfg = Release|Any CPU
		{A1DCDD42-9B64-4D93-910D-5A34893F17B0}.Release|Any CPU.Build.0 = Release|Any CPU
	EndGlobalSection
	GlobalSection(SolutionProperties) = preSolution
		HideSolutionNode = FALSE
	EndGlobalSection
EndGlobal
